
Microsoft Visual Studio Solution File, Format Version 12.00
# Visual Studio Version 16
VisualStudioVersion = 16.0.31112.23
MinimumVisualStudioVersion = 10.0.40219.1
Project("{FAE04EC0-301F-11D3-BF4B-00C04F79EFBC}") = "Capa_Data", "Capa_Data\Capa_Data.csproj", "{D30BCE2E-FF61-4808-9268-70CCE47B9368}"
EndProject
Project("{FAE04EC0-301F-11D3-BF4B-00C04F79EFBC}") = "Capa_Negocio", "Capa_Negocio\Capa_Negocio.csproj", "{FAB54594-1A30-4810-A170-490FB7FF49B5}"
EndProject
Project("{FAE04EC0-301F-11D3-BF4B-00C04F79EFBC}") = "Capa_Vista", "Capa_Vista\Capa_Vista.csproj", "{2F77ACB1-6F46-42CE-99DE-DCF82F371A34}"
EndProject
Global
	GlobalSection(SolutionConfigurationPlatforms) = preSolution
		Debug|Any CPU = Debug|Any CPU
		Release|Any CPU = Release|Any CPU
	EndGlobalSection
	GlobalSection(ProjectConfigurationPlatforms) = postSolution
		{D30BCE2E-FF61-4808-9268-70CCE47B9368}.Debug|Any CPU.ActiveCfg = Debug|Any CPU
		{D30BCE2E-FF61-4808-9268-70CCE47B9368}.Debug|Any CPU.Build.0 = Debug|Any CPU
		{D30BCE2E-FF61-4808-9268-70CCE47B9368}.Release|Any CPU.ActiveCfg = Release|Any CPU
		{D30BCE2E-FF61-4808-9268-70CCE47B9368}.Release|Any CPU.Build.0 = Release|Any CPU
		{FAB54594-1A30-4810-A170-490FB7FF49B5}.Debug|Any CPU.ActiveCfg = Debug|Any CPU
		{FAB54594-1A30-4810-A170-490FB7FF49B5}.Debug|Any CPU.Build.0 = Debug|Any CPU
		{FAB54594-1A30-4810-A170-490FB7FF49B5}.Release|Any CPU.ActiveCfg = Release|Any CPU
		{FAB54594-1A30-4810-A170-490FB7FF49B5}.Release|Any CPU.Build.0 = Release|Any CPU
		{2F77ACB1-6F46-42CE-99DE-DCF82F371A34}.Debug|Any CPU.ActiveCfg = Debug|Any CPU
		{2F77ACB1-6F46-42CE-99DE-DCF82F371A34}.Debug|Any CPU.Build.0 = Debug|Any CPU
		{2F77ACB1-6F46-42CE-99DE-DCF82F371A34}.Release|Any CPU.ActiveCfg = Release|Any CPU
		{2F77ACB1-6F46-42CE-99DE-DCF82F371A34}.Release|Any CPU.Build.0 = Release|Any CPU
	EndGlobalSection
	GlobalSection(SolutionProperties) = preSolution
		HideSolutionNode = FALSE
	EndGlobalSection
	GlobalSection(ExtensibilityGlobals) = postSolution
		SolutionGuid = {D9EE84A4-E453-49B0-86B4-F6AB614E3BFF}
	EndGlobalSection
EndGlobal
